
Microsoft Visual Studio Solution File, Format Version 12.00
# Visual Studio 15
VisualStudioVersion = 15.0.28010.0
MinimumVisualStudioVersion = 10.0.40219.1
Project("{F184B08F-C81C-45F6-A57F-5ABD9991F28F}") = "Jackets Project", "Jackets Project\Jackets Project.vbproj", "{140786B6-5478-4B30-866B-2A90DB952622}"
EndProject
Global
	GlobalSection(SolutionConfigurationPlatforms) = preSolution
		Debug|Any CPU = Debug|Any CPU
		Release|Any CPU = Release|Any CPU
	EndGlobalSection
	GlobalSection(ProjectConfigurationPlatforms) = postSolution
		{140786B6-5478-4B30-866B-2A90DB952622}.Debug|Any CPU.ActiveCfg = Debug|Any CPU
		{140786B6-5478-4B30-866B-2A90DB952622}.Debug|Any CPU.Build.0 = Debug|Any CPU
		{140786B6-5478-4B30-866B-2A90DB952622}.Release|Any CPU.ActiveCfg = Release|Any CPU
		{140786B6-5478-4B30-866B-2A90DB952622}.Release|Any CPU.Build.0 = Release|Any CPU
	EndGlobalSection
	GlobalSection(SolutionProperties) = preSolution
		HideSolutionNode = FALSE
	EndGlobalSection
	GlobalSection(ExtensibilityGlobals) = postSolution
		SolutionGuid = {2860B303-F8DC-429D-A739-6BA2EBEBFC8A}
	EndGlobalSection
EndGlobal
