
Microsoft Visual Studio Solution File, Format Version 12.00
# Visual Studio 15
VisualStudioVersion = 15.0.26014.0
MinimumVisualStudioVersion = 10.0.40219.1
Project("{F184B08F-C81C-45F6-A57F-5ABD9991F28F}") = "Voter Project", "Voter Project\Voter Project.vbproj", "{1BDC4D86-5D8F-4209-9747-E16DBB45A529}"
EndProject
Global
	GlobalSection(SolutionConfigurationPlatforms) = preSolution
		Debug|Any CPU = Debug|Any CPU
		Release|Any CPU = Release|Any CPU
	EndGlobalSection
	GlobalSection(ProjectConfigurationPlatforms) = postSolution
		{1BDC4D86-5D8F-4209-9747-E16DBB45A529}.Debug|Any CPU.ActiveCfg = Debug|Any CPU
		{1BDC4D86-5D8F-4209-9747-E16DBB45A529}.Debug|Any CPU.Build.0 = Debug|Any CPU
		{1BDC4D86-5D8F-4209-9747-E16DBB45A529}.Release|Any CPU.ActiveCfg = Release|Any CPU
		{1BDC4D86-5D8F-4209-9747-E16DBB45A529}.Release|Any CPU.Build.0 = Release|Any CPU
	EndGlobalSection
	GlobalSection(SolutionProperties) = preSolution
		HideSolutionNode = FALSE
	EndGlobalSection
EndGlobal
