
Microsoft Visual Studio Solution File, Format Version 12.00
# Visual Studio 15
VisualStudioVersion = 15.0.28010.2026
MinimumVisualStudioVersion = 10.0.40219.1
Project("{F184B08F-C81C-45F6-A57F-5ABD9991F28F}") = "TestA", "TestA\TestA.vbproj", "{7D6C424D-17C7-402E-82CC-CBD6A1DB928E}"
EndProject
Global
	GlobalSection(SolutionConfigurationPlatforms) = preSolution
		Debug|Any CPU = Debug|Any CPU
		Release|Any CPU = Release|Any CPU
	EndGlobalSection
	GlobalSection(ProjectConfigurationPlatforms) = postSolution
		{7D6C424D-17C7-402E-82CC-CBD6A1DB928E}.Debug|Any CPU.ActiveCfg = Debug|Any CPU
		{7D6C424D-17C7-402E-82CC-CBD6A1DB928E}.Debug|Any CPU.Build.0 = Debug|Any CPU
		{7D6C424D-17C7-402E-82CC-CBD6A1DB928E}.Release|Any CPU.ActiveCfg = Release|Any CPU
		{7D6C424D-17C7-402E-82CC-CBD6A1DB928E}.Release|Any CPU.Build.0 = Release|Any CPU
	EndGlobalSection
	GlobalSection(SolutionProperties) = preSolution
		HideSolutionNode = FALSE
	EndGlobalSection
	GlobalSection(ExtensibilityGlobals) = postSolution
		SolutionGuid = {CAF67910-4A0D-4080-AF15-973337F66BCC}
	EndGlobalSection
EndGlobal
