
Microsoft Visual Studio Solution File, Format Version 12.00
# Visual Studio 15
VisualStudioVersion = 15.0.26014.0
MinimumVisualStudioVersion = 10.0.40219.1
Project("{F184B08F-C81C-45F6-A57F-5ABD9991F28F}") = "You Do It 5 Project", "You Do It 5 Project\You Do It 5 Project.vbproj", "{EAAD1AF9-206D-4B4B-90E7-CD0E2A2C4F0D}"
EndProject
Global
	GlobalSection(SolutionConfigurationPlatforms) = preSolution
		Debug|Any CPU = Debug|Any CPU
		Release|Any CPU = Release|Any CPU
	EndGlobalSection
	GlobalSection(ProjectConfigurationPlatforms) = postSolution
		{EAAD1AF9-206D-4B4B-90E7-CD0E2A2C4F0D}.Debug|Any CPU.ActiveCfg = Debug|Any CPU
		{EAAD1AF9-206D-4B4B-90E7-CD0E2A2C4F0D}.Debug|Any CPU.Build.0 = Debug|Any CPU
		{EAAD1AF9-206D-4B4B-90E7-CD0E2A2C4F0D}.Release|Any CPU.ActiveCfg = Release|Any CPU
		{EAAD1AF9-206D-4B4B-90E7-CD0E2A2C4F0D}.Release|Any CPU.Build.0 = Release|Any CPU
	EndGlobalSection
	GlobalSection(SolutionProperties) = preSolution
		HideSolutionNode = FALSE
	EndGlobalSection
EndGlobal
