
Microsoft Visual Studio Solution File, Format Version 12.00
# Visual Studio 15
VisualStudioVersion = 15.0.26020.0
MinimumVisualStudioVersion = 10.0.40219.1
Project("{F184B08F-C81C-45F6-A57F-5ABD9991F28F}") = "ListBox Project", "ListBox Project\ListBox Project.vbproj", "{3019729A-8AB5-45BB-9008-240F642F977B}"
EndProject
Global
	GlobalSection(SolutionConfigurationPlatforms) = preSolution
		Debug|Any CPU = Debug|Any CPU
		Release|Any CPU = Release|Any CPU
	EndGlobalSection
	GlobalSection(ProjectConfigurationPlatforms) = postSolution
		{3019729A-8AB5-45BB-9008-240F642F977B}.Debug|Any CPU.ActiveCfg = Debug|Any CPU
		{3019729A-8AB5-45BB-9008-240F642F977B}.Debug|Any CPU.Build.0 = Debug|Any CPU
		{3019729A-8AB5-45BB-9008-240F642F977B}.Release|Any CPU.ActiveCfg = Release|Any CPU
		{3019729A-8AB5-45BB-9008-240F642F977B}.Release|Any CPU.Build.0 = Release|Any CPU
	EndGlobalSection
	GlobalSection(SolutionProperties) = preSolution
		HideSolutionNode = FALSE
	EndGlobalSection
EndGlobal
