
Microsoft Visual Studio Solution File, Format Version 12.00
# Visual Studio 15
VisualStudioVersion = 15.0.26020.0
MinimumVisualStudioVersion = 10.0.40219.1
Project("{F184B08F-C81C-45F6-A57F-5ABD9991F28F}") = "For Next Project", "For Next Project\For Next Project.vbproj", "{4E50FA88-32A5-4112-B94B-328666A779E3}"
EndProject
Global
	GlobalSection(SolutionConfigurationPlatforms) = preSolution
		Debug|Any CPU = Debug|Any CPU
		Release|Any CPU = Release|Any CPU
	EndGlobalSection
	GlobalSection(ProjectConfigurationPlatforms) = postSolution
		{4E50FA88-32A5-4112-B94B-328666A779E3}.Debug|Any CPU.ActiveCfg = Debug|Any CPU
		{4E50FA88-32A5-4112-B94B-328666A779E3}.Debug|Any CPU.Build.0 = Debug|Any CPU
		{4E50FA88-32A5-4112-B94B-328666A779E3}.Release|Any CPU.ActiveCfg = Release|Any CPU
		{4E50FA88-32A5-4112-B94B-328666A779E3}.Release|Any CPU.Build.0 = Release|Any CPU
	EndGlobalSection
	GlobalSection(SolutionProperties) = preSolution
		HideSolutionNode = FALSE
	EndGlobalSection
EndGlobal
