
Microsoft Visual Studio Solution File, Format Version 12.00
# Visual Studio 15
VisualStudioVersion = 15.0.26206.0
MinimumVisualStudioVersion = 10.0.40219.1
Project("{F184B08F-C81C-45F6-A57F-5ABD9991F28F}") = "States Project", "States Project\States Project.vbproj", "{25D8BB11-C83E-4CF3-82D2-BCDD024B5320}"
EndProject
Global
	GlobalSection(SolutionConfigurationPlatforms) = preSolution
		Debug|Any CPU = Debug|Any CPU
		Release|Any CPU = Release|Any CPU
	EndGlobalSection
	GlobalSection(ProjectConfigurationPlatforms) = postSolution
		{25D8BB11-C83E-4CF3-82D2-BCDD024B5320}.Debug|Any CPU.ActiveCfg = Debug|Any CPU
		{25D8BB11-C83E-4CF3-82D2-BCDD024B5320}.Debug|Any CPU.Build.0 = Debug|Any CPU
		{25D8BB11-C83E-4CF3-82D2-BCDD024B5320}.Release|Any CPU.ActiveCfg = Release|Any CPU
		{25D8BB11-C83E-4CF3-82D2-BCDD024B5320}.Release|Any CPU.Build.0 = Release|Any CPU
	EndGlobalSection
	GlobalSection(SolutionProperties) = preSolution
		HideSolutionNode = FALSE
	EndGlobalSection
EndGlobal
