
Microsoft Visual Studio Solution File, Format Version 12.00
# Visual Studio 15
VisualStudioVersion = 15.0.26127.0
MinimumVisualStudioVersion = 10.0.40219.1
Project("{F184B08F-C81C-45F6-A57F-5ABD9991F28F}") = "Rearrange Project", "Rearrange Project\Rearrange Project.vbproj", "{EBACF9FE-1AD7-495D-817A-07948335FA50}"
EndProject
Global
	GlobalSection(SolutionConfigurationPlatforms) = preSolution
		Debug|Any CPU = Debug|Any CPU
		Release|Any CPU = Release|Any CPU
	EndGlobalSection
	GlobalSection(ProjectConfigurationPlatforms) = postSolution
		{EBACF9FE-1AD7-495D-817A-07948335FA50}.Debug|Any CPU.ActiveCfg = Debug|Any CPU
		{EBACF9FE-1AD7-495D-817A-07948335FA50}.Debug|Any CPU.Build.0 = Debug|Any CPU
		{EBACF9FE-1AD7-495D-817A-07948335FA50}.Release|Any CPU.ActiveCfg = Release|Any CPU
		{EBACF9FE-1AD7-495D-817A-07948335FA50}.Release|Any CPU.Build.0 = Release|Any CPU
	EndGlobalSection
	GlobalSection(SolutionProperties) = preSolution
		HideSolutionNode = FALSE
	EndGlobalSection
EndGlobal
