
Microsoft Visual Studio Solution File, Format Version 12.00
# Visual Studio 15
VisualStudioVersion = 15.0.28010.0
MinimumVisualStudioVersion = 10.0.40219.1
Project("{F184B08F-C81C-45F6-A57F-5ABD9991F28F}") = "Einstein Project", "Einstein Project\Einstein Project.vbproj", "{29501556-7CFD-4B03-9707-1E9FE98ACA9D}"
EndProject
Global
	GlobalSection(SolutionConfigurationPlatforms) = preSolution
		Debug|Any CPU = Debug|Any CPU
		Release|Any CPU = Release|Any CPU
	EndGlobalSection
	GlobalSection(ProjectConfigurationPlatforms) = postSolution
		{29501556-7CFD-4B03-9707-1E9FE98ACA9D}.Debug|Any CPU.ActiveCfg = Debug|Any CPU
		{29501556-7CFD-4B03-9707-1E9FE98ACA9D}.Debug|Any CPU.Build.0 = Debug|Any CPU
		{29501556-7CFD-4B03-9707-1E9FE98ACA9D}.Release|Any CPU.ActiveCfg = Release|Any CPU
		{29501556-7CFD-4B03-9707-1E9FE98ACA9D}.Release|Any CPU.Build.0 = Release|Any CPU
	EndGlobalSection
	GlobalSection(SolutionProperties) = preSolution
		HideSolutionNode = FALSE
	EndGlobalSection
	GlobalSection(ExtensibilityGlobals) = postSolution
		SolutionGuid = {FB9A0B94-7292-435B-A2C3-3C248E835FB5}
	EndGlobalSection
EndGlobal
