
Microsoft Visual Studio Solution File, Format Version 12.00
# Visual Studio 15
VisualStudioVersion = 15.0.26020.0
MinimumVisualStudioVersion = 10.0.40219.1
Project("{F184B08F-C81C-45F6-A57F-5ABD9991F28F}") = "Do Loop Posttest Project", "Do Loop Posttest Project\Do Loop Posttest Project.vbproj", "{0D2DF68A-033D-4B1E-9719-5091875249BC}"
EndProject
Global
	GlobalSection(SolutionConfigurationPlatforms) = preSolution
		Debug|Any CPU = Debug|Any CPU
		Release|Any CPU = Release|Any CPU
	EndGlobalSection
	GlobalSection(ProjectConfigurationPlatforms) = postSolution
		{0D2DF68A-033D-4B1E-9719-5091875249BC}.Debug|Any CPU.ActiveCfg = Debug|Any CPU
		{0D2DF68A-033D-4B1E-9719-5091875249BC}.Debug|Any CPU.Build.0 = Debug|Any CPU
		{0D2DF68A-033D-4B1E-9719-5091875249BC}.Release|Any CPU.ActiveCfg = Release|Any CPU
		{0D2DF68A-033D-4B1E-9719-5091875249BC}.Release|Any CPU.Build.0 = Release|Any CPU
	EndGlobalSection
	GlobalSection(SolutionProperties) = preSolution
		HideSolutionNode = FALSE
	EndGlobalSection
EndGlobal
